
Microsoft Visual Studio Solution File, Format Version 10.00
# Visual Studio 2008
Project("{FAE04EC0-301F-11D3-BF4B-00C04F79EFBC}") = "AssociationBug", "AssociationBug.csproj", "{EE7CCFA8-A20D-45BC-9397-FFE3D9AC731E}"
EndProject
Global
	GlobalSection(SolutionConfigurationPlatforms) = preSolution
		Debug|Any CPU = Debug|Any CPU
		Release|Any CPU = Release|Any CPU
	EndGlobalSection
	GlobalSection(ProjectConfigurationPlatforms) = postSolution
		{EE7CCFA8-A20D-45BC-9397-FFE3D9AC731E}.Debug|Any CPU.ActiveCfg = Debug|Any CPU
		{EE7CCFA8-A20D-45BC-9397-FFE3D9AC731E}.Debug|Any CPU.Build.0 = Debug|Any CPU
		{EE7CCFA8-A20D-45BC-9397-FFE3D9AC731E}.Release|Any CPU.ActiveCfg = Release|Any CPU
		{EE7CCFA8-A20D-45BC-9397-FFE3D9AC731E}.Release|Any CPU.Build.0 = Release|Any CPU
	EndGlobalSection
	GlobalSection(SolutionProperties) = preSolution
		HideSolutionNode = FALSE
	EndGlobalSection
EndGlobal
